# This file is generated by running "yarn install" inside your project.
# Manual changes might be lost - proceed with caution!

__metadata:
  version: 8
  cacheKey: 10c0

"@merger203/expert-invention@workspace:.":
  version: 0.0.0-use.local
  resolution: "@merger203/expert-invention@workspace:."
  dependencies:
    "@merger203/reimagined-rotary-phone": "npm:^1.0.2"
  languageName: unknown
  linkType: soft

"@merger203/reimagined-rotary-phone@npm:^1.0.2":
  version: 1.0.2
  resolution: "@merger203/reimagined-rotary-phone@npm:1.0.2"
  checksum: 10c0/c573237ba541059fb4075e7a353fb4dfd85ade0b9cde58ddaac9982f9f4a34430a3b06174cdd8b2be58bcc2940fe94e198a67eb498fdaac348924a90d37b37ad
  languageName: node
  linkType: hard
